
Microsoft Visual Studio Solution File, Format Version 12.00
# Visual Studio Version 17
VisualStudioVersion = 17.6.33829.357
MinimumVisualStudioVersion = 10.0.40219.1
Project("{9A19103F-16F7-4668-BE54-9A1E7A4F7556}") = "WorseFavoriteTooltip", "WorseFavoriteTooltip.csproj", "{9664AE62-8584-4A3D-B82C-2C7E237B534D}"
EndProject
Global
	GlobalSection(SolutionConfigurationPlatforms) = preSolution
		Debug|Any CPU = Debug|Any CPU
		Release|Any CPU = Release|Any CPU
	EndGlobalSection
	GlobalSection(ProjectConfigurationPlatforms) = postSolution
		{9664AE62-8584-4A3D-B82C-2C7E237B534D}.Debug|Any CPU.ActiveCfg = Debug|Any CPU
		{9664AE62-8584-4A3D-B82C-2C7E237B534D}.Debug|Any CPU.Build.0 = Debug|Any CPU
		{9664AE62-8584-4A3D-B82C-2C7E237B534D}.Release|Any CPU.ActiveCfg = Release|Any CPU
		{9664AE62-8584-4A3D-B82C-2C7E237B534D}.Release|Any CPU.Build.0 = Release|Any CPU
	EndGlobalSection
	GlobalSection(SolutionProperties) = preSolution
		HideSolutionNode = FALSE
	EndGlobalSection
	GlobalSection(ExtensibilityGlobals) = postSolution
		SolutionGuid = {6968A66B-6BE6-4A0C-993A-DD49ACD379B7}
	EndGlobalSection
EndGlobal
